// !$*UTF8*$!
{
	archiveVersion = 1;
	classes = {
	};
	objectVersion = 56;
	objects = {

/* Begin PBXBuildFile section */
		D5D3A1282C285F880003C8DB /* MainApp.swift in Sources */ = {isa = PBXBuildFile; fileRef = D5D3A1272C285F880003C8DB /* MainApp.swift */; };
		D5D3A12A2C285F880003C8DB /* ContentView.swift in Sources */ = {isa = PBXBuildFile; fileRef = D5D3A1292C285F880003C8DB /* ContentView.swift */; };
		D5D3A12C2C285F890003C8DB /* Assets.xcassets in Resources */ = {isa = PBXBuildFile; fileRef = D5D3A12B2C285F890003C8DB /* Assets.xcassets */; };
		D5D3A12F2C285F890003C8DB /* Preview Assets.xcassets in Resources */ = {isa = PBXBuildFile; fileRef = D5D3A12E2C285F890003C8DB /* Preview Assets.xcassets */; };
		D5D3A1372C285FBC0003C8DB /* WatchFaceView.swift in Sources */ = {isa = PBXBuildFile; fileRef = D5D3A1362C285FBC0003C8DB /* WatchFaceView.swift */; };
		D5D3A13D2C29AF4E0003C8DB /* StayOnTop.swift in Sources */ = {isa = PBXBuildFile; fileRef = D5D3A13C2C29AF4E0003C8DB /* StayOnTop.swift */; };
		D5D3A13F2C29AF7F0003C8DB /* MovableByWindowBackground.swift in Sources */ = {isa = PBXBuildFile; fileRef = D5D3A13E2C29AF7F0003C8DB /* MovableByWindowBackground.swift */; };
/* End PBXBuildFile section */

/* Begin PBXFileReference section */
		D5D3A1242C285F880003C8DB /* Workout Rest Timer.app */ = {isa = PBXFileReference; explicitFileType = wrapper.application; includeInIndex = 0; path = "Workout Rest Timer.app"; sourceTree = BUILT_PRODUCTS_DIR; };
		D5D3A1272C285F880003C8DB /* MainApp.swift */ = {isa = PBXFileReference; lastKnownFileType = sourcecode.swift; path = MainApp.swift; sourceTree = "<group>"; };
		D5D3A1292C285F880003C8DB /* ContentView.swift */ = {isa = PBXFileReference; lastKnownFileType = sourcecode.swift; path = ContentView.swift; sourceTree = "<group>"; };
		D5D3A12B2C285F890003C8DB /* Assets.xcassets */ = {isa = PBXFileReference; lastKnownFileType = folder.assetcatalog; path = Assets.xcassets; sourceTree = "<group>"; };
		D5D3A12E2C285F890003C8DB /* Preview Assets.xcassets */ = {isa = PBXFileReference; lastKnownFileType = folder.assetcatalog; path = "Preview Assets.xcassets"; sourceTree = "<group>"; };
		D5D3A1302C285F890003C8DB /* WorkoutRestTimer.entitlements */ = {isa = PBXFileReference; lastKnownFileType = text.plist.entitlements; path = WorkoutRestTimer.entitlements; sourceTree = "<group>"; };
		D5D3A1362C285FBC0003C8DB /* WatchFaceView.swift */ = {isa = PBXFileReference; lastKnownFileType = sourcecode.swift; path = WatchFaceView.swift; sourceTree = "<group>"; };
		D5D3A13A2C286E560003C8DB /* Info.plist */ = {isa = PBXFileReference; lastKnownFileType = text.plist.xml; path = Info.plist; sourceTree = SOURCE_ROOT; };
		D5D3A13C2C29AF4E0003C8DB /* StayOnTop.swift */ = {isa = PBXFileReference; lastKnownFileType = sourcecode.swift; path = StayOnTop.swift; sourceTree = "<group>"; };
		D5D3A13E2C29AF7F0003C8DB /* MovableByWindowBackground.swift */ = {isa = PBXFileReference; lastKnownFileType = sourcecode.swift; path = MovableByWindowBackground.swift; sourceTree = "<group>"; };
/* End PBXFileReference section */

/* Begin PBXFrameworksBuildPhase section */
		D5D3A1212C285F880003C8DB /* Frameworks */ = {
			isa = PBXFrameworksBuildPhase;
			buildActionMask = 2147483647;
			files = (
			);
			runOnlyForDeploymentPostprocessing = 0;
		};
/* End PBXFrameworksBuildPhase section */

/* Begin PBXGroup section */
		D5D3A11B2C285F880003C8DB = {
			isa = PBXGroup;
			children = (
				D5D3A1262C285F880003C8DB /* Workout Rest Timer */,
				D5D3A1252C285F880003C8DB /* Products */,
			);
			sourceTree = "<group>";
		};
		D5D3A1252C285F880003C8DB /* Products */ = {
			isa = PBXGroup;
			children = (
				D5D3A1242C285F880003C8DB /* Workout Rest Timer.app */,
			);
			name = Products;
			sourceTree = "<group>";
		};
		D5D3A1262C285F880003C8DB /* Workout Rest Timer */ = {
			isa = PBXGroup;
			children = (
				D5D3A13B2C29AF300003C8DB /* environments */,
				D5D3A13A2C286E560003C8DB /* Info.plist */,
				D5D3A1272C285F880003C8DB /* MainApp.swift */,
				D5D3A1362C285FBC0003C8DB /* WatchFaceView.swift */,
				D5D3A1292C285F880003C8DB /* ContentView.swift */,
				D5D3A12B2C285F890003C8DB /* Assets.xcassets */,
				D5D3A1302C285F890003C8DB /* WorkoutRestTimer.entitlements */,
				D5D3A12D2C285F890003C8DB /* Preview Content */,
			);
			path = "Workout Rest Timer";
			sourceTree = "<group>";
		};
		D5D3A12D2C285F890003C8DB /* Preview Content */ = {
			isa = PBXGroup;
			children = (
				D5D3A12E2C285F890003C8DB /* Preview Assets.xcassets */,
			);
			path = "Preview Content";
			sourceTree = "<group>";
		};
		D5D3A13B2C29AF300003C8DB /* environments */ = {
			isa = PBXGroup;
			children = (
				D5D3A13C2C29AF4E0003C8DB /* StayOnTop.swift */,
				D5D3A13E2C29AF7F0003C8DB /* MovableByWindowBackground.swift */,
			);
			path = environments;
			sourceTree = "<group>";
		};
/* End PBXGroup section */

/* Begin PBXNativeTarget section */
		D5D3A1232C285F880003C8DB /* Workout Rest Timer */ = {
			isa = PBXNativeTarget;
			buildConfigurationList = D5D3A1332C285F890003C8DB /* Build configuration list for PBXNativeTarget "Workout Rest Timer" */;
			buildPhases = (
				D5D3A1202C285F880003C8DB /* Sources */,
				D5D3A1212C285F880003C8DB /* Frameworks */,
				D5D3A1222C285F880003C8DB /* Resources */,
			);
			buildRules = (
			);
			dependencies = (
			);
			name = "Workout Rest Timer";
			productName = "Workout Rest Timer";
			productReference = D5D3A1242C285F880003C8DB /* Workout Rest Timer.app */;
			productType = "com.apple.product-type.application";
		};
/* End PBXNativeTarget section */

/* Begin PBXProject section */
		D5D3A11C2C285F880003C8DB /* Project object */ = {
			isa = PBXProject;
			attributes = {
				BuildIndependentTargetsInParallel = 1;
				LastSwiftUpdateCheck = 1540;
				LastUpgradeCheck = 1540;
				TargetAttributes = {
					D5D3A1232C285F880003C8DB = {
						CreatedOnToolsVersion = 15.4;
					};
				};
			};
			buildConfigurationList = D5D3A11F2C285F880003C8DB /* Build configuration list for PBXProject "Workout Rest Timer" */;
			compatibilityVersion = "Xcode 14.0";
			developmentRegion = en;
			hasScannedForEncodings = 0;
			knownRegions = (
				en,
				Base,
			);
			mainGroup = D5D3A11B2C285F880003C8DB;
			productRefGroup = D5D3A1252C285F880003C8DB /* Products */;
			projectDirPath = "";
			projectRoot = "";
			targets = (
				D5D3A1232C285F880003C8DB /* Workout Rest Timer */,
			);
		};
/* End PBXProject section */

/* Begin PBXResourcesBuildPhase section */
		D5D3A1222C285F880003C8DB /* Resources */ = {
			isa = PBXResourcesBuildPhase;
			buildActionMask = 2147483647;
			files = (
				D5D3A12F2C285F890003C8DB /* Preview Assets.xcassets in Resources */,
				D5D3A12C2C285F890003C8DB /* Assets.xcassets in Resources */,
			);
			runOnlyForDeploymentPostprocessing = 0;
		};
/* End PBXResourcesBuildPhase section */

/* Begin PBXSourcesBuildPhase section */
		D5D3A1202C285F880003C8DB /* Sources */ = {
			isa = PBXSourcesBuildPhase;
			buildActionMask = 2147483647;
			files = (
				D5D3A1372C285FBC0003C8DB /* WatchFaceView.swift in Sources */,
				D5D3A13F2C29AF7F0003C8DB /* MovableByWindowBackground.swift in Sources */,
				D5D3A12A2C285F880003C8DB /* ContentView.swift in Sources */,
				D5D3A13D2C29AF4E0003C8DB /* StayOnTop.swift in Sources */,
				D5D3A1282C285F880003C8DB /* MainApp.swift in Sources */,
			);
			runOnlyForDeploymentPostprocessing = 0;
		};
/* End PBXSourcesBuildPhase section */

/* Begin XCBuildConfiguration section */
		D5D3A1312C285F890003C8DB /* Debug */ = {
			isa = XCBuildConfiguration;
			buildSettings = {
				ALWAYS_SEARCH_USER_PATHS = NO;
				ASSETCATALOG_COMPILER_GENERATE_SWIFT_ASSET_SYMBOL_EXTENSIONS = YES;
				CLANG_ANALYZER_NONNULL = YES;
				CLANG_ANALYZER_NUMBER_OBJECT_CONVERSION = YES_AGGRESSIVE;
				CLANG_CXX_LANGUAGE_STANDARD = "gnu++20";
				CLANG_ENABLE_MODULES = YES;
				CLANG_ENABLE_OBJC_ARC = YES;
				CLANG_ENABLE_OBJC_WEAK = YES;
				CLANG_WARN_BLOCK_CAPTURE_AUTORELEASING = YES;
				CLANG_WARN_BOOL_CONVERSION = YES;
				CLANG_WARN_COMMA = YES;
				CLANG_WARN_CONSTANT_CONVERSION = YES;
				CLANG_WARN_DEPRECATED_OBJC_IMPLEMENTATIONS = YES;
				CLANG_WARN_DIRECT_OBJC_ISA_USAGE = YES_ERROR;
				CLANG_WARN_DOCUMENTATION_COMMENTS = YES;
				CLANG_WARN_EMPTY_BODY = YES;
				CLANG_WARN_ENUM_CONVERSION = YES;
				CLANG_WARN_INFINITE_RECURSION = YES;
				CLANG_WARN_INT_CONVERSION = YES;
				CLANG_WARN_NON_LITERAL_NULL_CONVERSION = YES;
				CLANG_WARN_OBJC_IMPLICIT_RETAIN_SELF = YES;
				CLANG_WARN_OBJC_LITERAL_CONVERSION = YES;
				CLANG_WARN_OBJC_ROOT_CLASS = YES_ERROR;
				CLANG_WARN_QUOTED_INCLUDE_IN_FRAMEWORK_HEADER = YES;
				CLANG_WARN_RANGE_LOOP_ANALYSIS = YES;
				CLANG_WARN_STRICT_PROTOTYPES = YES;
				CLANG_WARN_SUSPICIOUS_MOVE = YES;
				CLANG_WARN_UNGUARDED_AVAILABILITY = YES_AGGRESSIVE;
				CLANG_WARN_UNREACHABLE_CODE = YES;
				CLANG_WARN__DUPLICATE_METHOD_MATCH = YES;
				COPY_PHASE_STRIP = NO;
				DEBUG_INFORMATION_FORMAT = dwarf;
				ENABLE_STRICT_OBJC_MSGSEND = YES;
				ENABLE_TESTABILITY = YES;
				ENABLE_USER_SCRIPT_SANDBOXING = YES;
				GCC_C_LANGUAGE_STANDARD = gnu17;
				GCC_DYNAMIC_NO_PIC = NO;
				GCC_NO_COMMON_BLOCKS = YES;
				GCC_OPTIMIZATION_LEVEL = 0;
				GCC_PREPROCESSOR_DEFINITIONS = (
					"DEBUG=1",
					"$(inherited)",
				);
				GCC_WARN_64_TO_32_BIT_CONVERSION = YES;
				GCC_WARN_ABOUT_RETURN_TYPE = YES_ERROR;
				GCC_WARN_UNDECLARED_SELECTOR = YES;
				GCC_WARN_UNINITIALIZED_AUTOS = YES_AGGRESSIVE;
				GCC_WARN_UNUSED_FUNCTION = YES;
				GCC_WARN_UNUSED_VARIABLE = YES;
				LOCALIZATION_PREFERS_STRING_CATALOGS = YES;
				MACOSX_DEPLOYMENT_TARGET = 14.5;
				MTL_ENABLE_DEBUG_INFO = INCLUDE_SOURCE;
				MTL_FAST_MATH = YES;
				ONLY_ACTIVE_ARCH = YES;
				SDKROOT = macosx;
				SWIFT_ACTIVE_COMPILATION_CONDITIONS = "DEBUG $(inherited)";
				SWIFT_OPTIMIZATION_LEVEL = "-Onone";
			};
			name = Debug;
		};
		D5D3A1322C285F890003C8DB /* Release */ = {
			isa = XCBuildConfiguration;
			buildSettings = {
				ALWAYS_SEARCH_USER_PATHS = NO;
				ASSETCATALOG_COMPILER_GENERATE_SWIFT_ASSET_SYMBOL_EXTENSIONS = YES;
				CLANG_ANALYZER_NONNULL = YES;
				CLANG_ANALYZER_NUMBER_OBJECT_CONVERSION = YES_AGGRESSIVE;
				CLANG_CXX_LANGUAGE_STANDARD = "gnu++20";
				CLANG_ENABLE_MODULES = YES;
				CLANG_ENABLE_OBJC_ARC = YES;
				CLANG_ENABLE_OBJC_WEAK = YES;
				CLANG_WARN_BLOCK_CAPTURE_AUTORELEASING = YES;
				CLANG_WARN_BOOL_CONVERSION = YES;
				CLANG_WARN_COMMA = YES;
				CLANG_WARN_CONSTANT_CONVERSION = YES;
				CLANG_WARN_DEPRECATED_OBJC_IMPLEMENTATIONS = YES;
				CLANG_WARN_DIRECT_OBJC_ISA_USAGE = YES_ERROR;
				CLANG_WARN_DOCUMENTATION_COMMENTS = YES;
				CLANG_WARN_EMPTY_BODY = YES;
				CLANG_WARN_ENUM_CONVERSION = YES;
				CLANG_WARN_INFINITE_RECURSION = YES;
				CLANG_WARN_INT_CONVERSION = YES;
				CLANG_WARN_NON_LITERAL_NULL_CONVERSION = YES;
				CLANG_WARN_OBJC_IMPLICIT_RETAIN_SELF = YES;
				CLANG_WARN_OBJC_LITERAL_CONVERSION = YES;
				CLANG_WARN_OBJC_ROOT_CLASS = YES_ERROR;
				CLANG_WARN_QUOTED_INCLUDE_IN_FRAMEWORK_HEADER = YES;
				CLANG_WARN_RANGE_LOOP_ANALYSIS = YES;
				CLANG_WARN_STRICT_PROTOTYPES = YES;
				CLANG_WARN_SUSPICIOUS_MOVE = YES;
				CLANG_WARN_UNGUARDED_AVAILABILITY = YES_AGGRESSIVE;
				CLANG_WARN_UNREACHABLE_CODE = YES;
				CLANG_WARN__DUPLICATE_METHOD_MATCH = YES;
				COPY_PHASE_STRIP = NO;
				DEBUG_INFORMATION_FORMAT = "dwarf-with-dsym";
				ENABLE_NS_ASSERTIONS = NO;
				ENABLE_STRICT_OBJC_MSGSEND = YES;
				ENABLE_USER_SCRIPT_SANDBOXING = YES;
				GCC_C_LANGUAGE_STANDARD = gnu17;
				GCC_NO_COMMON_BLOCKS = YES;
				GCC_WARN_64_TO_32_BIT_CONVERSION = YES;
				GCC_WARN_ABOUT_RETURN_TYPE = YES_ERROR;
				GCC_WARN_UNDECLARED_SELECTOR = YES;
				GCC_WARN_UNINITIALIZED_AUTOS = YES_AGGRESSIVE;
				GCC_WARN_UNUSED_FUNCTION = YES;
				GCC_WARN_UNUSED_VARIABLE = YES;
				LOCALIZATION_PREFERS_STRING_CATALOGS = YES;
				MACOSX_DEPLOYMENT_TARGET = 14.5;
				MTL_ENABLE_DEBUG_INFO = NO;
				MTL_FAST_MATH = YES;
				SDKROOT = macosx;
				SWIFT_COMPILATION_MODE = wholemodule;
			};
			name = Release;
		};
		D5D3A1342C285F890003C8DB /* Debug */ = {
			isa = XCBuildConfiguration;
			buildSettings = {
				ASSETCATALOG_COMPILER_APPICON_NAME = AppIcon;
				ASSETCATALOG_COMPILER_GLOBAL_ACCENT_COLOR_NAME = AccentColor;
				CODE_SIGN_ENTITLEMENTS = "Workout Rest Timer/WorkoutRestTimer.entitlements";
				CODE_SIGN_STYLE = Automatic;
				COMBINE_HIDPI_IMAGES = YES;
				CURRENT_PROJECT_VERSION = 1;
				DEVELOPMENT_ASSET_PATHS = "\"Workout Rest Timer/Preview Content\"";
				DEVELOPMENT_TEAM = R834SF9E2D;
				ENABLE_HARDENED_RUNTIME = YES;
				ENABLE_PREVIEWS = YES;
				GENERATE_INFOPLIST_FILE = YES;
				INFOPLIST_FILE = Info.plist;
				INFOPLIST_KEY_NSHumanReadableCopyright = "";
				LD_RUNPATH_SEARCH_PATHS = (
					"$(inherited)",
					"@executable_path/../Frameworks",
				);
				MARKETING_VERSION = 1.0;
				PRODUCT_BUNDLE_IDENTIFIER = "com.maakcode.workout-rest-timer";
				PRODUCT_NAME = "$(TARGET_NAME)";
				SWIFT_EMIT_LOC_STRINGS = YES;
				SWIFT_VERSION = 5.0;
			};
			name = Debug;
		};
		D5D3A1352C285F890003C8DB /* Release */ = {
			isa = XCBuildConfiguration;
			buildSettings = {
				ASSETCATALOG_COMPILER_APPICON_NAME = AppIcon;
				ASSETCATALOG_COMPILER_GLOBAL_ACCENT_COLOR_NAME = AccentColor;
				CODE_SIGN_ENTITLEMENTS = "Workout Rest Timer/WorkoutRestTimer.entitlements";
				CODE_SIGN_STYLE = Automatic;
				COMBINE_HIDPI_IMAGES = YES;
				CURRENT_PROJECT_VERSION = 1;
				DEVELOPMENT_ASSET_PATHS = "\"Workout Rest Timer/Preview Content\"";
				DEVELOPMENT_TEAM = R834SF9E2D;
				ENABLE_HARDENED_RUNTIME = YES;
				ENABLE_PREVIEWS = YES;
				GENERATE_INFOPLIST_FILE = YES;
				INFOPLIST_FILE = Info.plist;
				INFOPLIST_KEY_NSHumanReadableCopyright = "";
				LD_RUNPATH_SEARCH_PATHS = (
					"$(inherited)",
					"@executable_path/../Frameworks",
				);
				MARKETING_VERSION = 1.0;
				PRODUCT_BUNDLE_IDENTIFIER = "com.maakcode.workout-rest-timer";
				PRODUCT_NAME = "$(TARGET_NAME)";
				SWIFT_EMIT_LOC_STRINGS = YES;
				SWIFT_VERSION = 5.0;
			};
			name = Release;
		};
/* End XCBuildConfiguration section */

/* Begin XCConfigurationList section */
		D5D3A11F2C285F880003C8DB /* Build configuration list for PBXProject "Workout Rest Timer" */ = {
			isa = XCConfigurationList;
			buildConfigurations = (
				D5D3A1312C285F890003C8DB /* Debug */,
				D5D3A1322C285F890003C8DB /* Release */,
			);
			defaultConfigurationIsVisible = 0;
			defaultConfigurationName = Release;
		};
		D5D3A1332C285F890003C8DB /* Build configuration list for PBXNativeTarget "Workout Rest Timer" */ = {
			isa = XCConfigurationList;
			buildConfigurations = (
				D5D3A1342C285F890003C8DB /* Debug */,
				D5D3A1352C285F890003C8DB /* Release */,
			);
			defaultConfigurationIsVisible = 0;
			defaultConfigurationName = Release;
		};
/* End XCConfigurationList section */
	};
	rootObject = D5D3A11C2C285F880003C8DB /* Project object */;
}
